
Microsoft Visual Studio Solution File, Format Version 12.00
# Visual Studio 15
VisualStudioVersion = 15.0.28307.1062
MinimumVisualStudioVersion = 10.0.40219.1
Project("{FAE04EC0-301F-11D3-BF4B-00C04F79EFBC}") = "KYCustomer", "KYCustomer\KYCustomer.csproj", "{1D1FBE46-F2BB-47EC-A3C6-C7E1880C4C8E}"
EndProject
Global
	GlobalSection(SolutionConfigurationPlatforms) = preSolution
		Debug|Any CPU = Debug|Any CPU
		Release|Any CPU = Release|Any CPU
	EndGlobalSection
	GlobalSection(ProjectConfigurationPlatforms) = postSolution
		{1D1FBE46-F2BB-47EC-A3C6-C7E1880C4C8E}.Debug|Any CPU.ActiveCfg = Debug|Any CPU
		{1D1FBE46-F2BB-47EC-A3C6-C7E1880C4C8E}.Debug|Any CPU.Build.0 = Debug|Any CPU
		{1D1FBE46-F2BB-47EC-A3C6-C7E1880C4C8E}.Release|Any CPU.ActiveCfg = Release|Any CPU
		{1D1FBE46-F2BB-47EC-A3C6-C7E1880C4C8E}.Release|Any CPU.Build.0 = Release|Any CPU
	EndGlobalSection
	GlobalSection(SolutionProperties) = preSolution
		HideSolutionNode = FALSE
	EndGlobalSection
	GlobalSection(ExtensibilityGlobals) = postSolution
		SolutionGuid = {AC7E6AF2-5A74-4CB7-AB16-649EAC108162}
	EndGlobalSection
EndGlobal
